{
  "name": "validate-proxies",
  "lockfileVersion": 3,
  "requires": true,
  "packages": {
    "": {
      "dependencies": {
        "concurrent-queue": "^7.0.2"
      }
    },
    "node_modules/afterward": {
      "version": "2.0.0",
      "resolved": "https://registry.npmjs.org/afterward/-/afterward-2.0.0.tgz",
      "integrity": "sha512-7n9Vkbb8cmMRKKSfe5qgyqX4Yjdaty0QP/+GXYawZK8Vcq+8E5FCmbWbwfCoiBnDoAY/edKLNg2TwgGcwdA+3Q==",
      "dependencies": {
        "define-error": "~1.0.0"
      }
    },
    "node_modules/capture-stack-trace": {
      "version": "1.0.2",
      "resolved": "https://registry.npmjs.org/capture-stack-trace/-/capture-stack-trace-1.0.2.tgz",
      "integrity": "sha512-X/WM2UQs6VMHUtjUDnZTRI+i1crWteJySFzr9UpGoQa4WQffXVTTXuekjl7TjZRlcF2XfjgITT0HxZ9RnxeT0w==",
      "engines": {
        "node": ">=0.10.0"
      },
      "funding": {
        "url": "https://github.com/sponsors/sindresorhus"
      }
    },
    "node_modules/concurrent-queue": {
      "version": "7.0.2",
      "resolved": "https://registry.npmjs.org/concurrent-queue/-/concurrent-queue-7.0.2.tgz",
      "integrity": "sha512-icXDqc0JBdcQ3ubXiXcqVhuFeRrec39zVD2X5z7FKwwj0pImnfLWtAhGyX4CcBDD+YoqLesClOeRss+pZnm6/Q==",
      "dependencies": {
        "afterward": "~2.0.0",
        "define-error": "~1.0.0",
        "eventuate": "~4.0.0",
        "object-assign": "~4.0.1",
        "on-error": "~2.1.0",
        "once": "~1.3.2",
        "promise-polyfill": "~2.1.0"
      }
    },
    "node_modules/define-error": {
      "version": "1.0.0",
      "resolved": "https://registry.npmjs.org/define-error/-/define-error-1.0.0.tgz",
      "integrity": "sha512-HLdUb9mNENZ/tjnZGlITfOnx7wSM7a6e+WEDyhKSrsN/g5dJUS6kepG6qJApRLAdjRofQ2W8R3yrtI6GeyGGVg==",
      "dependencies": {
        "capture-stack-trace": "~1.0.0"
      }
    },
    "node_modules/eventuate": {
      "version": "4.0.0",
      "resolved": "https://registry.npmjs.org/eventuate/-/eventuate-4.0.0.tgz",
      "integrity": "sha512-SysKo5/rgqCaXlO4H4DE62JXCFtDpdm+boWOzaeaYph3Xejy04Cc4/E2HDPnOES0MFb643WgKRlx09W2iVAIBw==",
      "dependencies": {
        "define-error": "~1.0.0",
        "object-assign": "~3.0.0",
        "shallow-copy": "0.0.1"
      }
    },
    "node_modules/eventuate/node_modules/object-assign": {
      "version": "3.0.0",
      "resolved": "https://registry.npmjs.org/object-assign/-/object-assign-3.0.0.tgz",
      "integrity": "sha512-jHP15vXVGeVh1HuaA2wY6lxk+whK/x4KBG88VXeRma7CCun7iGD5qPc4eYykQ9sdQvg8jkwFKsSxHln2ybW3xQ==",
      "engines": {
        "node": ">=0.10.0"
      }
    },
    "node_modules/object-assign": {
      "version": "4.0.1",
      "resolved": "https://registry.npmjs.org/object-assign/-/object-assign-4.0.1.tgz",
      "integrity": "sha512-c6legOHWepAbWnp3j5SRUMpxCXBKI4rD7A5Osn9IzZ8w4O/KccXdW0lqdkQKbpk0eHGjNgKihgzY6WuEq99Tfw==",
      "engines": {
        "node": ">=0.10.0"
      }
    },
    "node_modules/on-error": {
      "version": "2.1.0",
      "resolved": "https://registry.npmjs.org/on-error/-/on-error-2.1.0.tgz",
      "integrity": "sha512-wpKXxCW2wXLI+9DB9DDBVuOCN9C5rjyaP4GWwqhgrSd2ys1Vyc9yGaPmC5HSOdQ30x9zCLozi9mHx3lm01E+LQ=="
    },
    "node_modules/once": {
      "version": "1.3.3",
      "resolved": "https://registry.npmjs.org/once/-/once-1.3.3.tgz",
      "integrity": "sha512-6vaNInhu+CHxtONf3zw3vq4SP2DOQhjBvIa3rNcG0+P7eKWlYH6Peu7rHizSloRU2EwMz6GraLieis9Ac9+p1w==",
      "dependencies": {
        "wrappy": "1"
      }
    },
    "node_modules/promise-polyfill": {
      "version": "2.1.4",
      "resolved": "https://registry.npmjs.org/promise-polyfill/-/promise-polyfill-2.1.4.tgz",
      "integrity": "sha512-/DVUJXyaiYr7Pu0q2qPV/OtABpiukAHswJb9VV/tUVFsvC5iZUTyVPxfEr8cIVatGa5/Mxeli8QMyzAMBmoiYg=="
    },
    "node_modules/shallow-copy": {
      "version": "0.0.1",
      "resolved": "https://registry.npmjs.org/shallow-copy/-/shallow-copy-0.0.1.tgz",
      "integrity": "sha512-b6i4ZpVuUxB9h5gfCxPiusKYkqTMOjEbBs4wMaFbkfia4yFv92UKZ6Df8WXcKbn08JNL/abvg3FnMAOfakDvUw=="
    },
    "node_modules/wrappy": {
      "version": "1.0.2",
      "resolved": "https://registry.npmjs.org/wrappy/-/wrappy-1.0.2.tgz",
      "integrity": "sha512-l4Sp/DRseor9wL6EvV2+TuQn63dMkPjZ/sp9XkghTEbV9KlPS1xUsZ3u7/IQO4wxtcFB4bgpQPRcR3QCvezPcQ=="
    }
  }
}
